
Microsoft Visual Studio Solution File, Format Version 12.00
# Visual Studio Version 17
VisualStudioVersion = 17.7.34024.191
MinimumVisualStudioVersion = 10.0.40219.1
Project("{FAE04EC0-301F-11D3-BF4B-00C04F79EFBC}") = "Task1", "LR7\Task1.csproj", "{B90A6EF3-7C0D-45FA-B147-D8F607853F05}"
EndProject
Project("{FAE04EC0-301F-11D3-BF4B-00C04F79EFBC}") = "Task2", "Task2\Task2.csproj", "{0CAF205E-B751-46B8-98A1-B977E6C2C7A1}"
EndProject
Project("{FAE04EC0-301F-11D3-BF4B-00C04F79EFBC}") = "Task5", "Task5\Task5.csproj", "{4FBBE482-9697-42C2-B295-2AB2BC582B93}"
EndProject
Project("{FAE04EC0-301F-11D3-BF4B-00C04F79EFBC}") = "Task6", "Task6\Task6.csproj", "{BD8CB742-F590-4826-930C-FE6E83D414ED}"
EndProject
Project("{FAE04EC0-301F-11D3-BF4B-00C04F79EFBC}") = "Task7", "Task7\Task7.csproj", "{ED0EA103-7D82-4A89-968D-556895B66785}"
EndProject
Global
	GlobalSection(SolutionConfigurationPlatforms) = preSolution
		Debug|Any CPU = Debug|Any CPU
		Release|Any CPU = Release|Any CPU
	EndGlobalSection
	GlobalSection(ProjectConfigurationPlatforms) = postSolution
		{B90A6EF3-7C0D-45FA-B147-D8F607853F05}.Debug|Any CPU.ActiveCfg = Debug|Any CPU
		{B90A6EF3-7C0D-45FA-B147-D8F607853F05}.Debug|Any CPU.Build.0 = Debug|Any CPU
		{B90A6EF3-7C0D-45FA-B147-D8F607853F05}.Release|Any CPU.ActiveCfg = Release|Any CPU
		{B90A6EF3-7C0D-45FA-B147-D8F607853F05}.Release|Any CPU.Build.0 = Release|Any CPU
		{0CAF205E-B751-46B8-98A1-B977E6C2C7A1}.Debug|Any CPU.ActiveCfg = Debug|Any CPU
		{0CAF205E-B751-46B8-98A1-B977E6C2C7A1}.Debug|Any CPU.Build.0 = Debug|Any CPU
		{0CAF205E-B751-46B8-98A1-B977E6C2C7A1}.Release|Any CPU.ActiveCfg = Release|Any CPU
		{0CAF205E-B751-46B8-98A1-B977E6C2C7A1}.Release|Any CPU.Build.0 = Release|Any CPU
		{4FBBE482-9697-42C2-B295-2AB2BC582B93}.Debug|Any CPU.ActiveCfg = Debug|Any CPU
		{4FBBE482-9697-42C2-B295-2AB2BC582B93}.Debug|Any CPU.Build.0 = Debug|Any CPU
		{4FBBE482-9697-42C2-B295-2AB2BC582B93}.Release|Any CPU.ActiveCfg = Release|Any CPU
		{4FBBE482-9697-42C2-B295-2AB2BC582B93}.Release|Any CPU.Build.0 = Release|Any CPU
		{BD8CB742-F590-4826-930C-FE6E83D414ED}.Debug|Any CPU.ActiveCfg = Debug|Any CPU
		{BD8CB742-F590-4826-930C-FE6E83D414ED}.Debug|Any CPU.Build.0 = Debug|Any CPU
		{BD8CB742-F590-4826-930C-FE6E83D414ED}.Release|Any CPU.ActiveCfg = Release|Any CPU
		{BD8CB742-F590-4826-930C-FE6E83D414ED}.Release|Any CPU.Build.0 = Release|Any CPU
		{ED0EA103-7D82-4A89-968D-556895B66785}.Debug|Any CPU.ActiveCfg = Debug|Any CPU
		{ED0EA103-7D82-4A89-968D-556895B66785}.Debug|Any CPU.Build.0 = Debug|Any CPU
		{ED0EA103-7D82-4A89-968D-556895B66785}.Release|Any CPU.ActiveCfg = Release|Any CPU
		{ED0EA103-7D82-4A89-968D-556895B66785}.Release|Any CPU.Build.0 = Release|Any CPU
	EndGlobalSection
	GlobalSection(SolutionProperties) = preSolution
		HideSolutionNode = FALSE
	EndGlobalSection
	GlobalSection(ExtensibilityGlobals) = postSolution
		SolutionGuid = {3A9CA38A-354C-45DA-AA84-25BD652F6E5E}
	EndGlobalSection
EndGlobal
